
Microsoft Visual Studio Solution File, Format Version 12.00
# Visual Studio Version 17
VisualStudioVersion = 17.7.34031.279
MinimumVisualStudioVersion = 10.0.40219.1
Project("{FAE04EC0-301F-11D3-BF4B-00C04F79EFBC}") = "SSARMiddlware", "SSARMiddlware\SSARMiddlware.csproj", "{3BD88415-F494-4CB7-ADE5-425CFF24E79A}"
EndProject
Global
	GlobalSection(SolutionConfigurationPlatforms) = preSolution
		Debug|Any CPU = Debug|Any CPU
		Release|Any CPU = Release|Any CPU
	EndGlobalSection
	GlobalSection(ProjectConfigurationPlatforms) = postSolution
		{3BD88415-F494-4CB7-ADE5-425CFF24E79A}.Debug|Any CPU.ActiveCfg = Debug|Any CPU
		{3BD88415-F494-4CB7-ADE5-425CFF24E79A}.Debug|Any CPU.Build.0 = Debug|Any CPU
		{3BD88415-F494-4CB7-ADE5-425CFF24E79A}.Release|Any CPU.ActiveCfg = Release|Any CPU
		{3BD88415-F494-4CB7-ADE5-425CFF24E79A}.Release|Any CPU.Build.0 = Release|Any CPU
	EndGlobalSection
	GlobalSection(SolutionProperties) = preSolution
		HideSolutionNode = FALSE
	EndGlobalSection
	GlobalSection(ExtensibilityGlobals) = postSolution
		SolutionGuid = {AE3730D7-7AAD-4E4B-9146-C0269B637F5B}
	EndGlobalSection
EndGlobal
